{
  "name": "agent",
  "lockfileVersion": 3,
  "requires": true,
  "packages": {
    "": {
      "dependencies": {
        "jieba": "^1.0.0"
      }
    },
    "node_modules/jieba": {
      "version": "1.0.0",
      "resolved": "https://registry.npmjs.org/jieba/-/jieba-1.0.0.tgz",
      "integrity": "sha512-tA7VQs2xr9RBFmAxKe6szAR/yE3ga8AsoNs5QPIU7z3jlRcqThGbqavYAbWk6wf8s4LnY9zSKFFQfZx+gwus6A=="
    }
  }
}
